
Microsoft Visual Studio Solution File, Format Version 12.00
# Visual Studio Version 16
VisualStudioVersion = 16.0.32228.343
MinimumVisualStudioVersion = 10.0.40219.1
Project("{FAE04EC0-301F-11D3-BF4B-00C04F79EFBC}") = "Notepad", "Notepad\Notepad.csproj", "{1C9E55E8-27FC-4E78-BDD7-05AA5079C23E}"
EndProject
Global
	GlobalSection(SolutionConfigurationPlatforms) = preSolution
		Debug|Any CPU = Debug|Any CPU
		Release|Any CPU = Release|Any CPU
	EndGlobalSection
	GlobalSection(ProjectConfigurationPlatforms) = postSolution
		{1C9E55E8-27FC-4E78-BDD7-05AA5079C23E}.Debug|Any CPU.ActiveCfg = Debug|Any CPU
		{1C9E55E8-27FC-4E78-BDD7-05AA5079C23E}.Debug|Any CPU.Build.0 = Debug|Any CPU
		{1C9E55E8-27FC-4E78-BDD7-05AA5079C23E}.Release|Any CPU.ActiveCfg = Release|Any CPU
		{1C9E55E8-27FC-4E78-BDD7-05AA5079C23E}.Release|Any CPU.Build.0 = Release|Any CPU
	EndGlobalSection
	GlobalSection(SolutionProperties) = preSolution
		HideSolutionNode = FALSE
	EndGlobalSection
	GlobalSection(ExtensibilityGlobals) = postSolution
		SolutionGuid = {89B60746-C3B4-4EC2-962B-F947EFCC7AC8}
	EndGlobalSection
EndGlobal
